
Microsoft Visual Studio Solution File, Format Version 12.00
# Visual Studio Version 17
VisualStudioVersion = 17.5.33414.496
MinimumVisualStudioVersion = 10.0.40219.1
Project("{FAE04EC0-301F-11D3-BF4B-00C04F79EFBC}") = "Exercicio2matriz", "Exercicio2matriz\Exercicio2matriz.csproj", "{2404B6EE-6E82-4144-B07E-F1D45B5641F6}"
EndProject
Global
	GlobalSection(SolutionConfigurationPlatforms) = preSolution
		Debug|Any CPU = Debug|Any CPU
		Release|Any CPU = Release|Any CPU
	EndGlobalSection
	GlobalSection(ProjectConfigurationPlatforms) = postSolution
		{2404B6EE-6E82-4144-B07E-F1D45B5641F6}.Debug|Any CPU.ActiveCfg = Debug|Any CPU
		{2404B6EE-6E82-4144-B07E-F1D45B5641F6}.Debug|Any CPU.Build.0 = Debug|Any CPU
		{2404B6EE-6E82-4144-B07E-F1D45B5641F6}.Release|Any CPU.ActiveCfg = Release|Any CPU
		{2404B6EE-6E82-4144-B07E-F1D45B5641F6}.Release|Any CPU.Build.0 = Release|Any CPU
	EndGlobalSection
	GlobalSection(SolutionProperties) = preSolution
		HideSolutionNode = FALSE
	EndGlobalSection
	GlobalSection(ExtensibilityGlobals) = postSolution
		SolutionGuid = {C35C553F-82EB-4640-85AD-0DA4EAB8B156}
	EndGlobalSection
EndGlobal
